
Microsoft Visual Studio Solution File, Format Version 12.00
Project("{FAE04EC0-301F-11D3-BF4B-00C04F79EFBC}") = "SQLiteNET", "SQLiteNET\SQLiteNET.csproj", "{E561CCD4-8CEA-4BC3-BAF2-54466B6AF09E}"
EndProject
Global
	GlobalSection(SolutionConfigurationPlatforms) = preSolution
		Debug|Any CPU = Debug|Any CPU
		Release|Any CPU = Release|Any CPU
	EndGlobalSection
	GlobalSection(ProjectConfigurationPlatforms) = postSolution
		{E561CCD4-8CEA-4BC3-BAF2-54466B6AF09E}.Debug|Any CPU.ActiveCfg = Debug|Any CPU
		{E561CCD4-8CEA-4BC3-BAF2-54466B6AF09E}.Debug|Any CPU.Build.0 = Debug|Any CPU
		{E561CCD4-8CEA-4BC3-BAF2-54466B6AF09E}.Release|Any CPU.ActiveCfg = Release|Any CPU
		{E561CCD4-8CEA-4BC3-BAF2-54466B6AF09E}.Release|Any CPU.Build.0 = Release|Any CPU
	EndGlobalSection
EndGlobal
